
Microsoft Visual Studio Solution File, Format Version 12.00
# Visual Studio Version 17
VisualStudioVersion = 17.5.2.0
MinimumVisualStudioVersion = 10.0.40219.1
Project("{9A19103F-16F7-4668-BE54-9A1E7A4F7556}") = "sharplua", "sharplua\sharplua.csproj", "{0C0397CF-94E6-4D6D-B43A-9F88A5D4F16E}"
EndProject
Project("{FAE04EC0-301F-11D3-BF4B-00C04F79EFBC}") = "sharplua.Tests", "sharplua.Tests\sharplua.Tests.csproj", "{83FC3B51-CD62-405A-9F01-B5C374673BA4}"
EndProject
Global
	GlobalSection(SolutionConfigurationPlatforms) = preSolution
		Debug|Any CPU = Debug|Any CPU
		Debug|x64 = Debug|x64
		Debug|x86 = Debug|x86
		Release|Any CPU = Release|Any CPU
		Release|x64 = Release|x64
		Release|x86 = Release|x86
	EndGlobalSection
	GlobalSection(ProjectConfigurationPlatforms) = postSolution
		{0C0397CF-94E6-4D6D-B43A-9F88A5D4F16E}.Debug|Any CPU.ActiveCfg = Debug|Any CPU
		{0C0397CF-94E6-4D6D-B43A-9F88A5D4F16E}.Debug|Any CPU.Build.0 = Debug|Any CPU
		{0C0397CF-94E6-4D6D-B43A-9F88A5D4F16E}.Debug|x64.ActiveCfg = Debug|Any CPU
		{0C0397CF-94E6-4D6D-B43A-9F88A5D4F16E}.Debug|x64.Build.0 = Debug|Any CPU
		{0C0397CF-94E6-4D6D-B43A-9F88A5D4F16E}.Debug|x86.ActiveCfg = Debug|Any CPU
		{0C0397CF-94E6-4D6D-B43A-9F88A5D4F16E}.Debug|x86.Build.0 = Debug|Any CPU
		{0C0397CF-94E6-4D6D-B43A-9F88A5D4F16E}.Release|Any CPU.ActiveCfg = Release|Any CPU
		{0C0397CF-94E6-4D6D-B43A-9F88A5D4F16E}.Release|Any CPU.Build.0 = Release|Any CPU
		{0C0397CF-94E6-4D6D-B43A-9F88A5D4F16E}.Release|x64.ActiveCfg = Release|Any CPU
		{0C0397CF-94E6-4D6D-B43A-9F88A5D4F16E}.Release|x64.Build.0 = Release|Any CPU
		{0C0397CF-94E6-4D6D-B43A-9F88A5D4F16E}.Release|x86.ActiveCfg = Release|Any CPU
		{0C0397CF-94E6-4D6D-B43A-9F88A5D4F16E}.Release|x86.Build.0 = Release|Any CPU
		{83FC3B51-CD62-405A-9F01-B5C374673BA4}.Debug|Any CPU.ActiveCfg = Debug|Any CPU
		{83FC3B51-CD62-405A-9F01-B5C374673BA4}.Debug|Any CPU.Build.0 = Debug|Any CPU
		{83FC3B51-CD62-405A-9F01-B5C374673BA4}.Debug|x64.ActiveCfg = Debug|Any CPU
		{83FC3B51-CD62-405A-9F01-B5C374673BA4}.Debug|x64.Build.0 = Debug|Any CPU
		{83FC3B51-CD62-405A-9F01-B5C374673BA4}.Debug|x86.ActiveCfg = Debug|Any CPU
		{83FC3B51-CD62-405A-9F01-B5C374673BA4}.Debug|x86.Build.0 = Debug|Any CPU
		{83FC3B51-CD62-405A-9F01-B5C374673BA4}.Release|Any CPU.ActiveCfg = Release|Any CPU
		{83FC3B51-CD62-405A-9F01-B5C374673BA4}.Release|Any CPU.Build.0 = Release|Any CPU
		{83FC3B51-CD62-405A-9F01-B5C374673BA4}.Release|x64.ActiveCfg = Release|Any CPU
		{83FC3B51-CD62-405A-9F01-B5C374673BA4}.Release|x64.Build.0 = Release|Any CPU
		{83FC3B51-CD62-405A-9F01-B5C374673BA4}.Release|x86.ActiveCfg = Release|Any CPU
		{83FC3B51-CD62-405A-9F01-B5C374673BA4}.Release|x86.Build.0 = Release|Any CPU
	EndGlobalSection
	GlobalSection(SolutionProperties) = preSolution
		HideSolutionNode = FALSE
	EndGlobalSection
	GlobalSection(ExtensibilityGlobals) = postSolution
		SolutionGuid = {D7D41E04-E343-4F8D-8BC2-EECD962031C3}
	EndGlobalSection
EndGlobal
